
Microsoft Visual Studio Solution File, Format Version 12.00
# Visual Studio 15
Project("{FAE04EC0-301F-11D3-BF4B-00C04F79EFBC}") = "MovieRegistration_1", "MovieRegistration_1\MovieRegistration_1.csproj", "{89112A2C-9FAD-47BF-9CB5-4E5C71544E37}"
EndProject
Project("{FAE04EC0-301F-11D3-BF4B-00C04F79EFBC}") = "MovieRegistration_1.Tests", "MovieRegistration_1.Tests\MovieRegistration_1.Tests.csproj", "{6534294B-F4F4-4B7D-AC24-52B5EA818F43}"
EndProject
Global
	GlobalSection(SolutionConfigurationPlatforms) = preSolution
		Debug|Any CPU = Debug|Any CPU
		Release|Any CPU = Release|Any CPU
	EndGlobalSection
	GlobalSection(ProjectConfigurationPlatforms) = postSolution
		{89112A2C-9FAD-47BF-9CB5-4E5C71544E37}.Debug|Any CPU.ActiveCfg = Debug|Any CPU
		{89112A2C-9FAD-47BF-9CB5-4E5C71544E37}.Debug|Any CPU.Build.0 = Debug|Any CPU
		{89112A2C-9FAD-47BF-9CB5-4E5C71544E37}.Release|Any CPU.ActiveCfg = Release|Any CPU
		{89112A2C-9FAD-47BF-9CB5-4E5C71544E37}.Release|Any CPU.Build.0 = Release|Any CPU
		{6534294B-F4F4-4B7D-AC24-52B5EA818F43}.Debug|Any CPU.ActiveCfg = Debug|Any CPU
		{6534294B-F4F4-4B7D-AC24-52B5EA818F43}.Debug|Any CPU.Build.0 = Debug|Any CPU
		{6534294B-F4F4-4B7D-AC24-52B5EA818F43}.Release|Any CPU.ActiveCfg = Release|Any CPU
		{6534294B-F4F4-4B7D-AC24-52B5EA818F43}.Release|Any CPU.Build.0 = Release|Any CPU
	EndGlobalSection
EndGlobal
